
Microsoft Visual Studio Solution File, Format Version 12.00
# Visual Studio Version 16
VisualStudioVersion = 16.0.30717.126
MinimumVisualStudioVersion = 10.0.40219.1
Project("{FAE04EC0-301F-11D3-BF4B-00C04F79EFBC}") = "Measurements", "BatteryMonitor\Measurements.csproj", "{E0977117-6E69-4470-BC48-FDE9DF3741D2}"
EndProject
Project("{FAE04EC0-301F-11D3-BF4B-00C04F79EFBC}") = "Measurements.Tests", "BatteryMonitorTests\Measurements.Tests.csproj", "{A50FE2EC-7C85-420A-B31B-139A5D053125}"
EndProject
Global
	GlobalSection(SolutionConfigurationPlatforms) = preSolution
		Debug|Any CPU = Debug|Any CPU
		Release|Any CPU = Release|Any CPU
	EndGlobalSection
	GlobalSection(ProjectConfigurationPlatforms) = postSolution
		{E0977117-6E69-4470-BC48-FDE9DF3741D2}.Debug|Any CPU.ActiveCfg = Debug|Any CPU
		{E0977117-6E69-4470-BC48-FDE9DF3741D2}.Debug|Any CPU.Build.0 = Debug|Any CPU
		{E0977117-6E69-4470-BC48-FDE9DF3741D2}.Release|Any CPU.ActiveCfg = Release|Any CPU
		{E0977117-6E69-4470-BC48-FDE9DF3741D2}.Release|Any CPU.Build.0 = Release|Any CPU
		{A50FE2EC-7C85-420A-B31B-139A5D053125}.Debug|Any CPU.ActiveCfg = Debug|Any CPU
		{A50FE2EC-7C85-420A-B31B-139A5D053125}.Debug|Any CPU.Build.0 = Debug|Any CPU
		{A50FE2EC-7C85-420A-B31B-139A5D053125}.Release|Any CPU.ActiveCfg = Release|Any CPU
		{A50FE2EC-7C85-420A-B31B-139A5D053125}.Release|Any CPU.Build.0 = Release|Any CPU
	EndGlobalSection
	GlobalSection(SolutionProperties) = preSolution
		HideSolutionNode = FALSE
	EndGlobalSection
	GlobalSection(ExtensibilityGlobals) = postSolution
		SolutionGuid = {075F3DF4-4CD4-4422-8B8B-CA87D1F46294}
	EndGlobalSection
EndGlobal
